
Microsoft Visual Studio Solution File, Format Version 12.00
# Visual Studio Version 17
VisualStudioVersion = 17.14.36623.8 d17.14
MinimumVisualStudioVersion = 10.0.40219.1
Project("{FAE04EC0-301F-11D3-BF4B-00C04F79EFBC}") = "LogisticApp", "LogisticApp.csproj", "{6FAF88A2-D2D3-4126-9C48-E494623CC315}"
EndProject
Project("{FAE04EC0-301F-11D3-BF4B-00C04F79EFBC}") = "LogisticAppTesting", "..\LogisticAppTesting\LogisticAppTesting.csproj", "{7A5899CD-9D0B-4759-B757-6B2F4900FA3E}"
EndProject
Global
	GlobalSection(SolutionConfigurationPlatforms) = preSolution
		Debug|Any CPU = Debug|Any CPU
		Release|Any CPU = Release|Any CPU
	EndGlobalSection
	GlobalSection(ProjectConfigurationPlatforms) = postSolution
		{6FAF88A2-D2D3-4126-9C48-E494623CC315}.Debug|Any CPU.ActiveCfg = Debug|Any CPU
		{6FAF88A2-D2D3-4126-9C48-E494623CC315}.Debug|Any CPU.Build.0 = Debug|Any CPU
		{6FAF88A2-D2D3-4126-9C48-E494623CC315}.Release|Any CPU.ActiveCfg = Release|Any CPU
		{6FAF88A2-D2D3-4126-9C48-E494623CC315}.Release|Any CPU.Build.0 = Release|Any CPU
		{7A5899CD-9D0B-4759-B757-6B2F4900FA3E}.Debug|Any CPU.ActiveCfg = Debug|Any CPU
		{7A5899CD-9D0B-4759-B757-6B2F4900FA3E}.Debug|Any CPU.Build.0 = Debug|Any CPU
		{7A5899CD-9D0B-4759-B757-6B2F4900FA3E}.Release|Any CPU.ActiveCfg = Release|Any CPU
		{7A5899CD-9D0B-4759-B757-6B2F4900FA3E}.Release|Any CPU.Build.0 = Release|Any CPU
	EndGlobalSection
	GlobalSection(SolutionProperties) = preSolution
		HideSolutionNode = FALSE
	EndGlobalSection
	GlobalSection(ExtensibilityGlobals) = postSolution
		SolutionGuid = {302C4741-2DDF-4616-9351-9A85F367098B}
	EndGlobalSection
EndGlobal
